// !$*UTF8*$!
{
	archiveVersion = 1;
	classes = {
	};
	objectVersion = 46;
	objects = {

/* Begin PBXBuildFile section */
		592419CF1E8A0DED00E738F8 /* ResultViewController.swift in Sources */ = {isa = PBXBuildFile; fileRef = 592419CE1E8A0DED00E738F8 /* ResultViewController.swift */; };
		5925DD6D1E8A077D0085998F /* AppDelegate.swift in Sources */ = {isa = PBXBuildFile; fileRef = 5925DD6C1E8A077D0085998F /* AppDelegate.swift */; };
		5925DD6F1E8A077D0085998F /* ViewController.swift in Sources */ = {isa = PBXBuildFile; fileRef = 5925DD6E1E8A077D0085998F /* ViewController.swift */; };
		5925DD721E8A077D0085998F /* Main.storyboard in Resources */ = {isa = PBXBuildFile; fileRef = 5925DD701E8A077D0085998F /* Main.storyboard */; };
		5925DD741E8A077D0085998F /* Assets.xcassets in Resources */ = {isa = PBXBuildFile; fileRef = 5925DD731E8A077D0085998F /* Assets.xcassets */; };
		5925DD771E8A077D0085998F /* LaunchScreen.storyboard in Resources */ = {isa = PBXBuildFile; fileRef = 5925DD751E8A077D0085998F /* LaunchScreen.storyboard */; };
		5925DDE01E8A08270085998F /* bg_blue@2x.png in Resources */ = {isa = PBXBuildFile; fileRef = 5925DDCD1E8A08270085998F /* bg_blue@2x.png */; };
		5925DDE11E8A08270085998F /* bg_gold@2x.png in Resources */ = {isa = PBXBuildFile; fileRef = 5925DDCE1E8A08270085998F /* bg_gold@2x.png */; };
		5925DDE21E8A08270085998F /* bg_red@2x.png in Resources */ = {isa = PBXBuildFile; fileRef = 5925DDCF1E8A08270085998F /* bg_red@2x.png */; };
		5925DDE31E8A08270085998F /* gacha@2x.png in Resources */ = {isa = PBXBuildFile; fileRef = 5925DDD01E8A08270085998F /* gacha@2x.png */; };
		5925DDE41E8A08270085998F /* Default-568h@2x.png in Resources */ = {isa = PBXBuildFile; fileRef = 5925DDD21E8A08270085998F /* Default-568h@2x.png */; };
		5925DDE51E8A08270085998F /* Default-667h@2x.png in Resources */ = {isa = PBXBuildFile; fileRef = 5925DDD31E8A08270085998F /* Default-667h@2x.png */; };
		5925DDE61E8A08270085998F /* Default-736h@3x.png in Resources */ = {isa = PBXBuildFile; fileRef = 5925DDD41E8A08270085998F /* Default-736h@3x.png */; };
		5925DDE71E8A08270085998F /* monster001.png in Resources */ = {isa = PBXBuildFile; fileRef = 5925DDD61E8A08270085998F /* monster001.png */; };
		5925DDE81E8A08270085998F /* monster002.png in Resources */ = {isa = PBXBuildFile; fileRef = 5925DDD71E8A08270085998F /* monster002.png */; };
		5925DDE91E8A08270085998F /* monster003.png in Resources */ = {isa = PBXBuildFile; fileRef = 5925DDD81E8A08270085998F /* monster003.png */; };
		5925DDEA1E8A08270085998F /* monster004.png in Resources */ = {isa = PBXBuildFile; fileRef = 5925DDD91E8A08270085998F /* monster004.png */; };
		5925DDEB1E8A08270085998F /* monster005.png in Resources */ = {isa = PBXBuildFile; fileRef = 5925DDDA1E8A08270085998F /* monster005.png */; };
		5925DDEC1E8A08270085998F /* monster006.png in Resources */ = {isa = PBXBuildFile; fileRef = 5925DDDB1E8A08270085998F /* monster006.png */; };
		5925DDED1E8A08270085998F /* monster007.png in Resources */ = {isa = PBXBuildFile; fileRef = 5925DDDC1E8A08270085998F /* monster007.png */; };
		5925DDEE1E8A08270085998F /* monster008.png in Resources */ = {isa = PBXBuildFile; fileRef = 5925DDDD1E8A08270085998F /* monster008.png */; };
		5925DDEF1E8A08270085998F /* monster009.png in Resources */ = {isa = PBXBuildFile; fileRef = 5925DDDE1E8A08270085998F /* monster009.png */; };
		5925DDF01E8A08270085998F /* monster010.png in Resources */ = {isa = PBXBuildFile; fileRef = 5925DDDF1E8A08270085998F /* monster010.png */; };
/* End PBXBuildFile section */

/* Begin PBXFileReference section */
		592419CE1E8A0DED00E738F8 /* ResultViewController.swift */ = {isa = PBXFileReference; fileEncoding = 4; lastKnownFileType = sourcecode.swift; path = ResultViewController.swift; sourceTree = "<group>"; };
		5925DD691E8A077D0085998F /* GachaTech.app */ = {isa = PBXFileReference; explicitFileType = wrapper.application; includeInIndex = 0; path = GachaTech.app; sourceTree = BUILT_PRODUCTS_DIR; };
		5925DD6C1E8A077D0085998F /* AppDelegate.swift */ = {isa = PBXFileReference; lastKnownFileType = sourcecode.swift; path = AppDelegate.swift; sourceTree = "<group>"; };
		5925DD6E1E8A077D0085998F /* ViewController.swift */ = {isa = PBXFileReference; lastKnownFileType = sourcecode.swift; path = ViewController.swift; sourceTree = "<group>"; };
		5925DD711E8A077D0085998F /* Base */ = {isa = PBXFileReference; lastKnownFileType = file.storyboard; name = Base; path = Base.lproj/Main.storyboard; sourceTree = "<group>"; };
		5925DD731E8A077D0085998F /* Assets.xcassets */ = {isa = PBXFileReference; lastKnownFileType = folder.assetcatalog; path = Assets.xcassets; sourceTree = "<group>"; };
		5925DD761E8A077D0085998F /* Base */ = {isa = PBXFileReference; lastKnownFileType = file.storyboard; name = Base; path = Base.lproj/LaunchScreen.storyboard; sourceTree = "<group>"; };
		5925DD781E8A077D0085998F /* Info.plist */ = {isa = PBXFileReference; lastKnownFileType = text.plist.xml; path = Info.plist; sourceTree = "<group>"; };
		5925DDCD1E8A08270085998F /* bg_blue@2x.png */ = {isa = PBXFileReference; lastKnownFileType = image.png; path = "bg_blue@2x.png"; sourceTree = "<group>"; };
		5925DDCE1E8A08270085998F /* bg_gold@2x.png */ = {isa = PBXFileReference; lastKnownFileType = image.png; path = "bg_gold@2x.png"; sourceTree = "<group>"; };
		5925DDCF1E8A08270085998F /* bg_red@2x.png */ = {isa = PBXFileReference; lastKnownFileType = image.png; path = "bg_red@2x.png"; sourceTree = "<group>"; };
		5925DDD01E8A08270085998F /* gacha@2x.png */ = {isa = PBXFileReference; lastKnownFileType = image.png; path = "gacha@2x.png"; sourceTree = "<group>"; };
		5925DDD21E8A08270085998F /* Default-568h@2x.png */ = {isa = PBXFileReference; lastKnownFileType = image.png; path = "Default-568h@2x.png"; sourceTree = "<group>"; };
		5925DDD31E8A08270085998F /* Default-667h@2x.png */ = {isa = PBXFileReference; lastKnownFileType = image.png; path = "Default-667h@2x.png"; sourceTree = "<group>"; };
		5925DDD41E8A08270085998F /* Default-736h@3x.png */ = {isa = PBXFileReference; lastKnownFileType = image.png; path = "Default-736h@3x.png"; sourceTree = "<group>"; };
		5925DDD61E8A08270085998F /* monster001.png */ = {isa = PBXFileReference; lastKnownFileType = image.png; path = monster001.png; sourceTree = "<group>"; };
		5925DDD71E8A08270085998F /* monster002.png */ = {isa = PBXFileReference; lastKnownFileType = image.png; path = monster002.png; sourceTree = "<group>"; };
		5925DDD81E8A08270085998F /* monster003.png */ = {isa = PBXFileReference; lastKnownFileType = image.png; path = monster003.png; sourceTree = "<group>"; };
		5925DDD91E8A08270085998F /* monster004.png */ = {isa = PBXFileReference; lastKnownFileType = image.png; path = monster004.png; sourceTree = "<group>"; };
		5925DDDA1E8A08270085998F /* monster005.png */ = {isa = PBXFileReference; lastKnownFileType = image.png; path = monster005.png; sourceTree = "<group>"; };
		5925DDDB1E8A08270085998F /* monster006.png */ = {isa = PBXFileReference; lastKnownFileType = image.png; path = monster006.png; sourceTree = "<group>"; };
		5925DDDC1E8A08270085998F /* monster007.png */ = {isa = PBXFileReference; lastKnownFileType = image.png; path = monster007.png; sourceTree = "<group>"; };
		5925DDDD1E8A08270085998F /* monster008.png */ = {isa = PBXFileReference; lastKnownFileType = image.png; path = monster008.png; sourceTree = "<group>"; };
		5925DDDE1E8A08270085998F /* monster009.png */ = {isa = PBXFileReference; lastKnownFileType = image.png; path = monster009.png; sourceTree = "<group>"; };
		5925DDDF1E8A08270085998F /* monster010.png */ = {isa = PBXFileReference; lastKnownFileType = image.png; path = monster010.png; sourceTree = "<group>"; };
/* End PBXFileReference section */

/* Begin PBXFrameworksBuildPhase section */
		5925DD661E8A077D0085998F /* Frameworks */ = {
			isa = PBXFrameworksBuildPhase;
			buildActionMask = 2147483647;
			files = (
			);
			runOnlyForDeploymentPostprocessing = 0;
		};
/* End PBXFrameworksBuildPhase section */

/* Begin PBXGroup section */
		5925DD601E8A077D0085998F = {
			isa = PBXGroup;
			children = (
				5925DD6B1E8A077D0085998F /* GachaTech */,
				5925DD6A1E8A077D0085998F /* Products */,
			);
			sourceTree = "<group>";
		};
		5925DD6A1E8A077D0085998F /* Products */ = {
			isa = PBXGroup;
			children = (
				5925DD691E8A077D0085998F /* GachaTech.app */,
			);
			name = Products;
			sourceTree = "<group>";
		};
		5925DD6B1E8A077D0085998F /* GachaTech */ = {
			isa = PBXGroup;
			children = (
				5925DDCB1E8A08270085998F /* GachaResources */,
				5925DD6C1E8A077D0085998F /* AppDelegate.swift */,
				5925DD6E1E8A077D0085998F /* ViewController.swift */,
				592419CE1E8A0DED00E738F8 /* ResultViewController.swift */,
				5925DD701E8A077D0085998F /* Main.storyboard */,
				5925DD731E8A077D0085998F /* Assets.xcassets */,
				5925DD751E8A077D0085998F /* LaunchScreen.storyboard */,
				5925DD781E8A077D0085998F /* Info.plist */,
			);
			path = GachaTech;
			sourceTree = "<group>";
		};
		5925DDCB1E8A08270085998F /* GachaResources */ = {
			isa = PBXGroup;
			children = (
				5925DDCC1E8A08270085998F /* background */,
				5925DDD11E8A08270085998F /* Defaults */,
				5925DDD51E8A08270085998F /* monster */,
			);
			path = GachaResources;
			sourceTree = "<group>";
		};
		5925DDCC1E8A08270085998F /* background */ = {
			isa = PBXGroup;
			children = (
				5925DDCD1E8A08270085998F /* bg_blue@2x.png */,
				5925DDCE1E8A08270085998F /* bg_gold@2x.png */,
				5925DDCF1E8A08270085998F /* bg_red@2x.png */,
				5925DDD01E8A08270085998F /* gacha@2x.png */,
			);
			path = background;
			sourceTree = "<group>";
		};
		5925DDD11E8A08270085998F /* Defaults */ = {
			isa = PBXGroup;
			children = (
				5925DDD21E8A08270085998F /* Default-568h@2x.png */,
				5925DDD31E8A08270085998F /* Default-667h@2x.png */,
				5925DDD41E8A08270085998F /* Default-736h@3x.png */,
			);
			path = Defaults;
			sourceTree = "<group>";
		};
		5925DDD51E8A08270085998F /* monster */ = {
			isa = PBXGroup;
			children = (
				5925DDD61E8A08270085998F /* monster001.png */,
				5925DDD71E8A08270085998F /* monster002.png */,
				5925DDD81E8A08270085998F /* monster003.png */,
				5925DDD91E8A08270085998F /* monster004.png */,
				5925DDDA1E8A08270085998F /* monster005.png */,
				5925DDDB1E8A08270085998F /* monster006.png */,
				5925DDDC1E8A08270085998F /* monster007.png */,
				5925DDDD1E8A08270085998F /* monster008.png */,
				5925DDDE1E8A08270085998F /* monster009.png */,
				5925DDDF1E8A08270085998F /* monster010.png */,
			);
			path = monster;
			sourceTree = "<group>";
		};
/* End PBXGroup section */

/* Begin PBXNativeTarget section */
		5925DD681E8A077D0085998F /* GachaTech */ = {
			isa = PBXNativeTarget;
			buildConfigurationList = 5925DD7B1E8A077D0085998F /* Build configuration list for PBXNativeTarget "GachaTech" */;
			buildPhases = (
				5925DD651E8A077D0085998F /* Sources */,
				5925DD661E8A077D0085998F /* Frameworks */,
				5925DD671E8A077D0085998F /* Resources */,
			);
			buildRules = (
			);
			dependencies = (
			);
			name = GachaTech;
			productName = GachaTech;
			productReference = 5925DD691E8A077D0085998F /* GachaTech.app */;
			productType = "com.apple.product-type.application";
		};
/* End PBXNativeTarget section */

/* Begin PBXProject section */
		5925DD611E8A077D0085998F /* Project object */ = {
			isa = PBXProject;
			attributes = {
				LastSwiftUpdateCheck = 0820;
				LastUpgradeCheck = 0820;
				ORGANIZATIONNAME = None;
				TargetAttributes = {
					5925DD681E8A077D0085998F = {
						CreatedOnToolsVersion = 8.2.1;
						ProvisioningStyle = Automatic;
					};
				};
			};
			buildConfigurationList = 5925DD641E8A077D0085998F /* Build configuration list for PBXProject "GachaTech" */;
			compatibilityVersion = "Xcode 3.2";
			developmentRegion = English;
			hasScannedForEncodings = 0;
			knownRegions = (
				en,
				Base,
			);
			mainGroup = 5925DD601E8A077D0085998F;
			productRefGroup = 5925DD6A1E8A077D0085998F /* Products */;
			projectDirPath = "";
			projectRoot = "";
			targets = (
				5925DD681E8A077D0085998F /* GachaTech */,
			);
		};
/* End PBXProject section */

/* Begin PBXResourcesBuildPhase section */
		5925DD671E8A077D0085998F /* Resources */ = {
			isa = PBXResourcesBuildPhase;
			buildActionMask = 2147483647;
			files = (
				5925DD771E8A077D0085998F /* LaunchScreen.storyboard in Resources */,
				5925DDEA1E8A08270085998F /* monster004.png in Resources */,
				5925DD741E8A077D0085998F /* Assets.xcassets in Resources */,
				5925DDEE1E8A08270085998F /* monster008.png in Resources */,
				5925DDE61E8A08270085998F /* Default-736h@3x.png in Resources */,
				5925DD721E8A077D0085998F /* Main.storyboard in Resources */,
				5925DDE21E8A08270085998F /* bg_red@2x.png in Resources */,
				5925DDEF1E8A08270085998F /* monster009.png in Resources */,
				5925DDE81E8A08270085998F /* monster002.png in Resources */,
				5925DDE91E8A08270085998F /* monster003.png in Resources */,
				5925DDE11E8A08270085998F /* bg_gold@2x.png in Resources */,
				5925DDE51E8A08270085998F /* Default-667h@2x.png in Resources */,
				5925DDED1E8A08270085998F /* monster007.png in Resources */,
				5925DDE71E8A08270085998F /* monster001.png in Resources */,
				5925DDE01E8A08270085998F /* bg_blue@2x.png in Resources */,
				5925DDE31E8A08270085998F /* gacha@2x.png in Resources */,
				5925DDF01E8A08270085998F /* monster010.png in Resources */,
				5925DDEC1E8A08270085998F /* monster006.png in Resources */,
				5925DDE41E8A08270085998F /* Default-568h@2x.png in Resources */,
				5925DDEB1E8A08270085998F /* monster005.png in Resources */,
			);
			runOnlyForDeploymentPostprocessing = 0;
		};
/* End PBXResourcesBuildPhase section */

/* Begin PBXSourcesBuildPhase section */
		5925DD651E8A077D0085998F /* Sources */ = {
			isa = PBXSourcesBuildPhase;
			buildActionMask = 2147483647;
			files = (
				5925DD6F1E8A077D0085998F /* ViewController.swift in Sources */,
				5925DD6D1E8A077D0085998F /* AppDelegate.swift in Sources */,
				592419CF1E8A0DED00E738F8 /* ResultViewController.swift in Sources */,
			);
			runOnlyForDeploymentPostprocessing = 0;
		};
/* End PBXSourcesBuildPhase section */

/* Begin PBXVariantGroup section */
		5925DD701E8A077D0085998F /* Main.storyboard */ = {
			isa = PBXVariantGroup;
			children = (
				5925DD711E8A077D0085998F /* Base */,
			);
			name = Main.storyboard;
			sourceTree = "<group>";
		};
		5925DD751E8A077D0085998F /* LaunchScreen.storyboard */ = {
			isa = PBXVariantGroup;
			children = (
				5925DD761E8A077D0085998F /* Base */,
			);
			name = LaunchScreen.storyboard;
			sourceTree = "<group>";
		};
/* End PBXVariantGroup section */

/* Begin XCBuildConfiguration section */
		5925DD791E8A077D0085998F /* Debug */ = {
			isa = XCBuildConfiguration;
			buildSettings = {
				ALWAYS_SEARCH_USER_PATHS = NO;
				CLANG_ANALYZER_NONNULL = YES;
				CLANG_CXX_LANGUAGE_STANDARD = "gnu++0x";
				CLANG_CXX_LIBRARY = "libc++";
				CLANG_ENABLE_MODULES = YES;
				CLANG_ENABLE_OBJC_ARC = YES;
				CLANG_WARN_BOOL_CONVERSION = YES;
				CLANG_WARN_CONSTANT_CONVERSION = YES;
				CLANG_WARN_DIRECT_OBJC_ISA_USAGE = YES_ERROR;
				CLANG_WARN_DOCUMENTATION_COMMENTS = YES;
				CLANG_WARN_EMPTY_BODY = YES;
				CLANG_WARN_ENUM_CONVERSION = YES;
				CLANG_WARN_INFINITE_RECURSION = YES;
				CLANG_WARN_INT_CONVERSION = YES;
				CLANG_WARN_OBJC_ROOT_CLASS = YES_ERROR;
				CLANG_WARN_SUSPICIOUS_MOVE = YES;
				CLANG_WARN_UNREACHABLE_CODE = YES;
				CLANG_WARN__DUPLICATE_METHOD_MATCH = YES;
				"CODE_SIGN_IDENTITY[sdk=iphoneos*]" = "iPhone Developer";
				COPY_PHASE_STRIP = NO;
				DEBUG_INFORMATION_FORMAT = dwarf;
				ENABLE_STRICT_OBJC_MSGSEND = YES;
				ENABLE_TESTABILITY = YES;
				GCC_C_LANGUAGE_STANDARD = gnu99;
				GCC_DYNAMIC_NO_PIC = NO;
				GCC_NO_COMMON_BLOCKS = YES;
				GCC_OPTIMIZATION_LEVEL = 0;
				GCC_PREPROCESSOR_DEFINITIONS = (
					"DEBUG=1",
					"$(inherited)",
				);
				GCC_WARN_64_TO_32_BIT_CONVERSION = YES;
				GCC_WARN_ABOUT_RETURN_TYPE = YES_ERROR;
				GCC_WARN_UNDECLARED_SELECTOR = YES;
				GCC_WARN_UNINITIALIZED_AUTOS = YES_AGGRESSIVE;
				GCC_WARN_UNUSED_FUNCTION = YES;
				GCC_WARN_UNUSED_VARIABLE = YES;
				IPHONEOS_DEPLOYMENT_TARGET = 10.2;
				MTL_ENABLE_DEBUG_INFO = YES;
				ONLY_ACTIVE_ARCH = YES;
				SDKROOT = iphoneos;
				SWIFT_ACTIVE_COMPILATION_CONDITIONS = DEBUG;
				SWIFT_OPTIMIZATION_LEVEL = "-Onone";
			};
			name = Debug;
		};
		5925DD7A1E8A077D0085998F /* Release */ = {
			isa = XCBuildConfiguration;
			buildSettings = {
				ALWAYS_SEARCH_USER_PATHS = NO;
				CLANG_ANALYZER_NONNULL = YES;
				CLANG_CXX_LANGUAGE_STANDARD = "gnu++0x";
				CLANG_CXX_LIBRARY = "libc++";
				CLANG_ENABLE_MODULES = YES;
				CLANG_ENABLE_OBJC_ARC = YES;
				CLANG_WARN_BOOL_CONVERSION = YES;
				CLANG_WARN_CONSTANT_CONVERSION = YES;
				CLANG_WARN_DIRECT_OBJC_ISA_USAGE = YES_ERROR;
				CLANG_WARN_DOCUMENTATION_COMMENTS = YES;
				CLANG_WARN_EMPTY_BODY = YES;
				CLANG_WARN_ENUM_CONVERSION = YES;
				CLANG_WARN_INFINITE_RECURSION = YES;
				CLANG_WARN_INT_CONVERSION = YES;
				CLANG_WARN_OBJC_ROOT_CLASS = YES_ERROR;
				CLANG_WARN_SUSPICIOUS_MOVE = YES;
				CLANG_WARN_UNREACHABLE_CODE = YES;
				CLANG_WARN__DUPLICATE_METHOD_MATCH = YES;
				"CODE_SIGN_IDENTITY[sdk=iphoneos*]" = "iPhone Developer";
				COPY_PHASE_STRIP = NO;
				DEBUG_INFORMATION_FORMAT = "dwarf-with-dsym";
				ENABLE_NS_ASSERTIONS = NO;
				ENABLE_STRICT_OBJC_MSGSEND = YES;
				GCC_C_LANGUAGE_STANDARD = gnu99;
				GCC_NO_COMMON_BLOCKS = YES;
				GCC_WARN_64_TO_32_BIT_CONVERSION = YES;
				GCC_WARN_ABOUT_RETURN_TYPE = YES_ERROR;
				GCC_WARN_UNDECLARED_SELECTOR = YES;
				GCC_WARN_UNINITIALIZED_AUTOS = YES_AGGRESSIVE;
				GCC_WARN_UNUSED_FUNCTION = YES;
				GCC_WARN_UNUSED_VARIABLE = YES;
				IPHONEOS_DEPLOYMENT_TARGET = 10.2;
				MTL_ENABLE_DEBUG_INFO = NO;
				SDKROOT = iphoneos;
				SWIFT_OPTIMIZATION_LEVEL = "-Owholemodule";
				VALIDATE_PRODUCT = YES;
			};
			name = Release;
		};
		5925DD7C1E8A077D0085998F /* Debug */ = {
			isa = XCBuildConfiguration;
			buildSettings = {
				ASSETCATALOG_COMPILER_APPICON_NAME = AppIcon;
				INFOPLIST_FILE = GachaTech/Info.plist;
				LD_RUNPATH_SEARCH_PATHS = "$(inherited) @executable_path/Frameworks";
				PRODUCT_BUNDLE_IDENTIFIER = "Erika-Maemoto.GachaTech";
				PRODUCT_NAME = "$(TARGET_NAME)";
				SWIFT_VERSION = 3.0;
			};
			name = Debug;
		};
		5925DD7D1E8A077D0085998F /* Release */ = {
			isa = XCBuildConfiguration;
			buildSettings = {
				ASSETCATALOG_COMPILER_APPICON_NAME = AppIcon;
				INFOPLIST_FILE = GachaTech/Info.plist;
				LD_RUNPATH_SEARCH_PATHS = "$(inherited) @executable_path/Frameworks";
				PRODUCT_BUNDLE_IDENTIFIER = "Erika-Maemoto.GachaTech";
				PRODUCT_NAME = "$(TARGET_NAME)";
				SWIFT_VERSION = 3.0;
			};
			name = Release;
		};
/* End XCBuildConfiguration section */

/* Begin XCConfigurationList section */
		5925DD641E8A077D0085998F /* Build configuration list for PBXProject "GachaTech" */ = {
			isa = XCConfigurationList;
			buildConfigurations = (
				5925DD791E8A077D0085998F /* Debug */,
				5925DD7A1E8A077D0085998F /* Release */,
			);
			defaultConfigurationIsVisible = 0;
			defaultConfigurationName = Release;
		};
		5925DD7B1E8A077D0085998F /* Build configuration list for PBXNativeTarget "GachaTech" */ = {
			isa = XCConfigurationList;
			buildConfigurations = (
				5925DD7C1E8A077D0085998F /* Debug */,
				5925DD7D1E8A077D0085998F /* Release */,
			);
			defaultConfigurationIsVisible = 0;
			defaultConfigurationName = Release;
		};
/* End XCConfigurationList section */
	};
	rootObject = 5925DD611E8A077D0085998F /* Project object */;
}
